{
  "requires": true,
  "lockfileVersion": 1,
  "dependencies": {
    "ngx-infinite-scroll": {
      "version": "10.0.1",
      "resolved": "https://registry.npmjs.org/ngx-infinite-scroll/-/ngx-infinite-scroll-10.0.1.tgz",
      "integrity": "sha512-7is0eJZ9kJPsaHohRmMhJ/QFHAW9jp9twO5HcHRvFM/Yl/R8QCiokgjwmH0/CR3MuxUanxfHZMfO3PbYTwlBEg==",
      "requires": {
        "@scarf/scarf": "^1.1.0",
        "opencollective-postinstall": "^2.0.2"
      },
      "dependencies": {
        "@scarf/scarf": {
          "version": "1.1.1",
          "resolved": "https://registry.npmjs.org/@scarf/scarf/-/scarf-1.1.1.tgz",
          "integrity": "sha512-VGbKDbk1RFIaSmdVb0cNjjWJoRWRI/Weo23AjRCC2nryO0iAS8pzsToJfPVPtVs74WHw4L1UTADNdIYRLkirZQ=="
        },
        "opencollective-postinstall": {
          "version": "2.0.3",
          "resolved": "https://registry.npmjs.org/opencollective-postinstall/-/opencollective-postinstall-2.0.3.tgz",
          "integrity": "sha512-8AV/sCtuzUeTo8gQK5qDZzARrulB3egtLzFgteqB2tcT4Mw7B8Kt7JcDHmltjz6FOAHsvTevk70gZEbhM4ZS9Q=="
        }
      }
    }
  }
}
